# THIS IS AN AUTOGENERATED FILE. DO NOT EDIT THIS FILE DIRECTLY.
# yarn lockfile v1


"@babel/parser@^7.0.0":
  version "7.1.3"
  resolved "https://registry.yarnpkg.com/@babel/parser/-/parser-7.1.3.tgz#2c92469bac2b7fbff810b67fca07bd138b48af77"
  integrity sha512-gqmspPZOMW3MIRb9HlrnbZHXI1/KHTOroBwN1NcLL6pWxzqzEKGvRTq0W/PxS45OtQGbaFikSQpkS5zbnsQm2w==

ansi-regex@^3.0.0:
  version "3.0.0"
  resolved "https://registry.yarnpkg.com/ansi-regex/-/ansi-regex-3.0.0.tgz#ed0317c322064f79466c02966bddb605ab37d998"
  integrity sha1-7QMXwyIGT3lGbAKWa922Bas32Zg=

ansi-styles@^3.2.1:
  version "3.2.1"
  resolved "https://registry.yarnpkg.com/ansi-styles/-/ansi-styles-3.2.1.tgz#41fbb20243e50b12be0f04b8dedbf07520ce841d"
  integrity sha512-VT0ZI6kZRdTh8YyJw3SMbYm/u+NqfsAxEpWO0Pf9sq8/e94WxxOpPKx9FR1FlyCtOVDNOQ+8ntlqFxiRc+r5qA==
  dependencies:
    color-convert "^1.9.0"

app-module-path@^2.2.0:
  version "2.2.0"
  resolved "https://registry.yarnpkg.com/app-module-path/-/app-module-path-2.2.0.tgz#641aa55dfb7d6a6f0a8141c4b9c0aa50b6c24dd5"
  integrity sha1-ZBqlXft9am8KgUHEucCqULbCTdU=

ast-module-types@^2.3.1, ast-module-types@^2.3.2, ast-module-types@^2.4.0:
  version "2.4.0"
  resolved "https://registry.yarnpkg.com/ast-module-types/-/ast-module-types-2.4.0.tgz#b7164dcdaa15d80832f4573b2ea53374ebf76538"
  integrity sha512-fAa+ZUKT0q5GPnC/sa8+X3jYY1t3Rw3jT3CxEwBfrZLTzWUtXOWQK9EiSPycvHgUpI1ygSfJZWFki66UdbXL8Q==

chalk@^2.0.1, chalk@^2.3.1, chalk@^2.4.1:
  version "2.4.1"
  resolved "https://registry.yarnpkg.com/chalk/-/chalk-2.4.1.tgz#18c49ab16a037b6eb0152cc83e3471338215b66e"
  integrity sha512-ObN6h1v2fTJSmUXoS3nMQ92LbDK9be4TV+6G+omQlGJFdcUX5heKi1LZ1YnRMIgwTLEj3E24bT6tYni50rlCfQ==
  dependencies:
    ansi-styles "^3.2.1"
    escape-string-regexp "^1.0.5"
    supports-color "^5.3.0"

cli-cursor@^2.1.0:
  version "2.1.0"
  resolved "https://registry.yarnpkg.com/cli-cursor/-/cli-cursor-2.1.0.tgz#b35dac376479facc3e94747d41d0d0f5238ffcb5"
  integrity sha1-s12sN2R5+sw+lHR9QdDQ9SOP/LU=
  dependencies:
    restore-cursor "^2.0.0"

cli-spinners@^1.1.0:
  version "1.3.1"
  resolved "https://registry.yarnpkg.com/cli-spinners/-/cli-spinners-1.3.1.tgz#002c1990912d0d59580c93bd36c056de99e4259a"
  integrity sha512-1QL4544moEsDVH9T/l6Cemov/37iv1RtoKf7NJ04A60+4MREXNfx/QvavbH6QoGdsD4N4Mwy49cmaINR/o2mdg==

clone@^1.0.2:
  version "1.0.4"
  resolved "https://registry.yarnpkg.com/clone/-/clone-1.0.4.tgz#da309cc263df15994c688ca902179ca3c7cd7c7e"
  integrity sha1-2jCcwmPfFZlMaIypAheco8fNfH4=

color-convert@^1.9.0:
  version "1.9.3"
  resolved "https://registry.yarnpkg.com/color-convert/-/color-convert-1.9.3.tgz#bb71850690e1f136567de629d2d5471deda4c1e8"
  integrity sha512-QfAUtd+vFdAtFQcC8CCyYt1fYWxSqAiK2cSD6zDB8N3cpsEBAvRxp9zOGg6G/SHHJYAT88/az/IuDGALsNVbGg==
  dependencies:
    color-name "1.1.3"

color-name@1.1.3:
  version "1.1.3"
  resolved "https://registry.yarnpkg.com/color-name/-/color-name-1.1.3.tgz#a7d0558bd89c42f795dd42328f740831ca53bc25"
  integrity sha1-p9BVi9icQveV3UIyj3QIMcpTvCU=

commander@^2.13.0, commander@^2.15.1, commander@^2.16.0, commander@^2.17.0, commander@^2.17.1, commander@^2.8.1:
  version "2.19.0"
  resolved "https://registry.yarnpkg.com/commander/-/commander-2.19.0.tgz#f6198aa84e5b83c46054b94ddedbfed5ee9ff12a"
  integrity sha512-6tvAOO+D6OENvRAh524Dh9jcfKTYDQAqvqezbCW82xj5X0pSrcpxtvRKHLG0yBY6SD7PSDrJaj+0AiOcKVd1Xg==

commondir@^1.0.1:
  version "1.0.1"
  resolved "https://registry.yarnpkg.com/commondir/-/commondir-1.0.1.tgz#ddd800da0c66127393cca5950ea968a3aaf1253b"
  integrity sha1-3dgA2gxmEnOTzKWVDqloo6rxJTs=

core-util-is@~1.0.0:
  version "1.0.2"
  resolved "https://registry.yarnpkg.com/core-util-is/-/core-util-is-1.0.2.tgz#b5fd54220aa2bc5ab57aab7140c940754503c1a7"
  integrity sha1-tf1UIgqivFq1eqtxQMlAdUUDwac=

debug@^3.1.0:
  version "3.2.6"
  resolved "https://registry.yarnpkg.com/debug/-/debug-3.2.6.tgz#e83d17de16d8a7efb7717edbe5fb10135eee629b"
  integrity sha512-mel+jf7nrtEl5Pn1Qx46zARXKDpBbvzezse7p7LqINmdoIk8PYP5SySaxEmYv6TZ0JyEKA1hsCId6DIhgITtWQ==
  dependencies:
    ms "^2.1.1"

debug@^4.0.0, debug@^4.0.1:
  version "4.1.0"
  resolved "https://registry.yarnpkg.com/debug/-/debug-4.1.0.tgz#373687bffa678b38b1cd91f861b63850035ddc87"
  integrity sha512-heNPJUJIqC+xB6ayLAMHaIrmN9HKa7aQO8MGqKpvCA+uJYVcvR6l5kgdrhRuwPFHU7P5/A1w0BjByPHwpfTDKg==
  dependencies:
    ms "^2.1.1"

deep-extend@^0.6.0:
  version "0.6.0"
  resolved "https://registry.yarnpkg.com/deep-extend/-/deep-extend-0.6.0.tgz#c4fa7c95404a17a9c3e8ca7e1537312b736330ac"
  integrity sha512-LOHxIOaPYdHlJRtCQfDIVZtfw/ufM8+rVj649RIHzcm/vGwQRXFt6OPqIFWsm2XEMrNIEtWR64sY1LEKD2vAOA==

deep-is@~0.1.3:
  version "0.1.3"
  resolved "https://registry.yarnpkg.com/deep-is/-/deep-is-0.1.3.tgz#b369d6fb5dbc13eecf524f91b070feedc357cf34"
  integrity sha1-s2nW+128E+7PUk+RsHD+7cNXzzQ=

defaults@^1.0.3:
  version "1.0.3"
  resolved "https://registry.yarnpkg.com/defaults/-/defaults-1.0.3.tgz#c656051e9817d9ff08ed881477f3fe4019f3ef7d"
  integrity sha1-xlYFHpgX2f8I7YgUd/P+QBnz730=
  dependencies:
    clone "^1.0.2"

dependency-tree@^6.1.0:
  version "6.2.1"
  resolved "https://registry.yarnpkg.com/dependency-tree/-/dependency-tree-6.2.1.tgz#81bbf27b2ae103bf41d18d8d29537e02979619de"
  integrity sha512-XkQ6KFHiO+VTM71zLtZ1KuCL6BWMW7GXvFWTCWOPOMgccYp68CBpSSqKR8trw8HsniSAi7hBjPcBqNCYMVzUWQ==
  dependencies:
    commander "^2.17.1"
    debug "^4.0.1"
    filing-cabinet "^2.0.1"
    precinct "^5.0.0"

detective-amd@^3.0.0:
  version "3.0.0"
  resolved "https://registry.yarnpkg.com/detective-amd/-/detective-amd-3.0.0.tgz#40c8e21e229df8bca1ee2d4b952a7b67b01e2a5a"
  integrity sha512-kOpKHyabdSKF9kj7PqYHLeHPw+TJT8q2u48tZYMkIcas28el1CYeLEJ42Nm+563/Fq060T5WknfwDhdX9+kkBQ==
  dependencies:
    ast-module-types "^2.3.1"
    escodegen "^1.8.0"
    get-amd-module-type "^3.0.0"
    node-source-walk "^4.0.0"

detective-cjs@^3.1.0:
  version "3.1.1"
  resolved "https://registry.yarnpkg.com/detective-cjs/-/detective-cjs-3.1.1.tgz#18da3e39a002d2098a1123d45ce1de1b0d9045a0"
  integrity sha512-JQtNTBgFY6h8uT6pgph5QpV3IyxDv+z3qPk/FZRDT9TlFfm5dnRtpH39WtQEr1khqsUxVqXzKjZHpdoQvQbllg==
  dependencies:
    ast-module-types "^2.4.0"
    node-source-walk "^4.0.0"

detective-es6@^2.0.0:
  version "2.0.0"
  resolved "https://registry.yarnpkg.com/detective-es6/-/detective-es6-2.0.0.tgz#e2919c33140cca54013b934cafa83c6e01509247"
  integrity sha512-lo2kHVepcq3v39Q/t5uY6sy3cK1g29Kgi4Sj4KpR/15WGwecwma1yaEzZoofyJg/QyeOz36DZhouJ3eD46efCg==
  dependencies:
    node-source-walk "^4.0.0"

detective-less@^1.0.1:
  version "1.0.2"
  resolved "https://registry.yarnpkg.com/detective-less/-/detective-less-1.0.2.tgz#a68af9ca5f69d74b7d0aa190218b211d83b4f7e3"
  integrity sha512-Rps1xDkEEBSq3kLdsdnHZL1x2S4NGDcbrjmd4q+PykK5aJwDdP5MBgrJw1Xo+kyUHuv3JEzPqxr+Dj9ryeDRTA==
  dependencies:
    debug "^4.0.0"
    gonzales-pe "^4.2.3"
    node-source-walk "^4.0.0"

detective-postcss@^3.0.0:
  version "3.0.0"
  resolved "https://registry.yarnpkg.com/detective-postcss/-/detective-postcss-3.0.0.tgz#d7effb236fedbae823721eb9ebaefabefe13d02c"
  integrity sha512-Dq4pza3UAT5gXHmNjinxhTydKGd9m3Tr6d0epP9VBipQfQl/ipe3ml7ybxpHk4TRwT2RPXKRsnCHhXfEdpksAQ==
  dependencies:
    debug "^3.1.0"
    is-url "^1.2.4"
    postcss "^7.0.2"
    postcss-values-parser "^1.5.0"

detective-sass@^3.0.0:
  version "3.0.0"
  resolved "https://registry.yarnpkg.com/detective-sass/-/detective-sass-3.0.0.tgz#832c80fc076dfd1f8250b73b7e98e1f388f47649"
  integrity sha512-f03DULR4EipUpb1HCTHNGUWoRuLi9SDMgMdp+JiSVAWD5kwjI2NY1IOUiqmGbA3C/zQIWXBrC8+U2C3bMJqCFQ==
  dependencies:
    debug "^3.1.0"
    gonzales-pe "^4.2.3"
    node-source-walk "^4.0.0"

detective-scss@^2.0.0:
  version "2.0.0"
  resolved "https://registry.yarnpkg.com/detective-scss/-/detective-scss-2.0.0.tgz#32fda21a655c60b6f2b88ae82a33a3a0869b2e73"
  integrity sha512-44cNM76EcT3ImnuMJQHi6q2ldYl+obXHuU6OtpcPfqJg4aH4F4mjHcCyQfn0ohwqYE8FQY64jSThgZwfDjMkdQ==
  dependencies:
    debug "^3.1.0"
    gonzales-pe "^4.2.3"
    node-source-walk "^4.0.0"

detective-stylus@^1.0.0:
  version "1.0.0"
  resolved "https://registry.yarnpkg.com/detective-stylus/-/detective-stylus-1.0.0.tgz#50aee7db8babb990381f010c63fabba5b58e54cd"
  integrity sha1-UK7n24uruZA4HwEMY/q7pbWOVM0=

detective-typescript@^4.0.0:
  version "4.1.1"
  resolved "https://registry.yarnpkg.com/detective-typescript/-/detective-typescript-4.1.1.tgz#fa7e11cdff9ed38c3cf45dc19d369c34b33b324a"
  integrity sha512-iXvTH248pjxKsvSren1t2bHCGoSYgk8k9PeqPEuaz8AP11zoVMivE/lVpp8GpurOtIX9XGFCHloEsQ4RbWXd9Q==
  dependencies:
    node-source-walk "^4.0.0"
    typescript "^3.0.3"
    typescript-eslint-parser "^18.0.0"

enhanced-resolve@^4.1.0:
  version "4.1.0"
  resolved "https://registry.yarnpkg.com/enhanced-resolve/-/enhanced-resolve-4.1.0.tgz#41c7e0bfdfe74ac1ffe1e57ad6a5c6c9f3742a7f"
  integrity sha512-F/7vkyTtyc/llOIn8oWclcB25KdRaiPBpZYDgJHgh/UHtpgT2p2eldQgtQnLtUvfMKPKxbRaQM/hHkvLHt1Vng==
  dependencies:
    graceful-fs "^4.1.2"
    memory-fs "^0.4.0"
    tapable "^1.0.0"

errno@^0.1.3:
  version "0.1.7"
  resolved "https://registry.yarnpkg.com/errno/-/errno-0.1.7.tgz#4684d71779ad39af177e3f007996f7c67c852618"
  integrity sha512-MfrRBDWzIWifgq6tJj60gkAwtLNb6sQPlcFrSOflcP1aFmmruKQ2wRnze/8V6kgyz7H3FF8Npzv78mZ7XLLflg==
  dependencies:
    prr "~1.0.1"

escape-string-regexp@^1.0.5:
  version "1.0.5"
  resolved "https://registry.yarnpkg.com/escape-string-regexp/-/escape-string-regexp-1.0.5.tgz#1b61c0562190a8dff6ae3bb2cf0200ca130b86d4"
  integrity sha1-G2HAViGQqN/2rjuyzwIAyhMLhtQ=

escodegen@^1.8.0:
  version "1.11.0"
  resolved "https://registry.yarnpkg.com/escodegen/-/escodegen-1.11.0.tgz#b27a9389481d5bfd5bec76f7bb1eb3f8f4556589"
  integrity sha512-IeMV45ReixHS53K/OmfKAIztN/igDHzTJUhZM3k1jMhIZWjk45SMwAtBsEXiJp3vSPmTcu6CXn7mDvFHRN66fw==
  dependencies:
    esprima "^3.1.3"
    estraverse "^4.2.0"
    esutils "^2.0.2"
    optionator "^0.8.1"
  optionalDependencies:
    source-map "~0.6.1"

esprima@^3.1.3:
  version "3.1.3"
  resolved "https://registry.yarnpkg.com/esprima/-/esprima-3.1.3.tgz#fdca51cee6133895e3c88d535ce49dbff62a4633"
  integrity sha1-/cpRzuYTOJXjyI1TXOSdv/YqRjM=

esprima@^4.0.0:
  version "4.0.1"
  resolved "https://registry.yarnpkg.com/esprima/-/esprima-4.0.1.tgz#13b04cdb3e6c5d19df91ab6987a8695619b0aa71"
  integrity sha512-eGuFFw7Upda+g4p+QHvnW0RyTX/SVeJBDM/gCtMARO0cLuT2HcEKnTPvhjV6aGeqrCB/sbNop0Kszm0jsaWU4A==

estraverse@^4.2.0:
  version "4.2.0"
  resolved "https://registry.yarnpkg.com/estraverse/-/estraverse-4.2.0.tgz#0dee3fed31fcd469618ce7342099fc1afa0bdb13"
  integrity sha1-De4/7TH81GlhjOc0IJn8GvoL2xM=

esutils@^2.0.2:
  version "2.0.2"
  resolved "https://registry.yarnpkg.com/esutils/-/esutils-2.0.2.tgz#0abf4f1caa5bcb1f7a9d8acc6dea4faaa04bac9b"
  integrity sha1-Cr9PHKpbyx96nYrMbepPqqBLrJs=

fast-levenshtein@~2.0.4:
  version "2.0.6"
  resolved "https://registry.yarnpkg.com/fast-levenshtein/-/fast-levenshtein-2.0.6.tgz#3d8a5c66883a16a30ca8643e851f19baa7797917"
  integrity sha1-PYpcZog6FqMMqGQ+hR8Zuqd5eRc=

file-exists@^2.0.0:
  version "2.0.0"
  resolved "https://registry.yarnpkg.com/file-exists/-/file-exists-2.0.0.tgz#a24150665150e62d55bc5449281d88d2b0810dca"
  integrity sha1-okFQZlFQ5i1VvFRJKB2I0rCBDco=

filing-cabinet@^2.0.1:
  version "2.0.2"
  resolved "https://registry.yarnpkg.com/filing-cabinet/-/filing-cabinet-2.0.2.tgz#8ed2c2cac4b694c407b6a4731dad258e5d604063"
  integrity sha512-W7n/5ufqakk+w+hnZrah57bAxvruOgLnAHSboFdGzVOUrFaSyci4nMfGJmKBEE3STQKnG7t4DnwtVI34gsDDCg==
  dependencies:
    app-module-path "^2.2.0"
    commander "^2.13.0"
    debug "^3.1.0"
    enhanced-resolve "^4.1.0"
    is-relative-path "^1.0.2"
    module-definition "^3.0.0"
    module-lookup-amd "^5.0.1"
    resolve "^1.5.0"
    resolve-dependency-path "^1.0.2"
    sass-lookup "^2.0.0"
    stylus-lookup "^2.0.0"
    typescript "^3.0.3"

find@^0.2.8:
  version "0.2.9"
  resolved "https://registry.yarnpkg.com/find/-/find-0.2.9.tgz#4b73f1ff9e56ad91b76e716407fe5ffe6554bb8c"
  integrity sha1-S3Px/55WrZG3bnFkB/5f/mVUu4w=
  dependencies:
    traverse-chain "~0.1.0"

flatten@^1.0.2:
  version "1.0.2"
  resolved "https://registry.yarnpkg.com/flatten/-/flatten-1.0.2.tgz#dae46a9d78fbe25292258cc1e780a41d95c03782"
  integrity sha1-2uRqnXj74lKSJYzB54CkHZXAN4I=

fs-extra@^5.0.0:
  version "5.0.0"
  resolved "https://registry.yarnpkg.com/fs-extra/-/fs-extra-5.0.0.tgz#414d0110cdd06705734d055652c5411260c31abd"
  integrity sha512-66Pm4RYbjzdyeuqudYqhFiNBbCIuI9kgRqLPSHIlXHidW8NIQtVdkM1yeZ4lXwuhbTETv3EUGMNHAAw6hiundQ==
  dependencies:
    graceful-fs "^4.1.2"
    jsonfile "^4.0.0"
    universalify "^0.1.0"

get-amd-module-type@^3.0.0:
  version "3.0.0"
  resolved "https://registry.yarnpkg.com/get-amd-module-type/-/get-amd-module-type-3.0.0.tgz#bb334662fa04427018c937774570de495845c288"
  integrity sha512-99Q7COuACPfVt18zH9N4VAMyb81S6TUgJm2NgV6ERtkh9VIkAaByZkW530wl3lLN5KTtSrK9jVLxYsoP5hQKsw==
  dependencies:
    ast-module-types "^2.3.2"
    node-source-walk "^4.0.0"

get-own-enumerable-property-symbols@^3.0.0:
  version "3.0.0"
  resolved "https://registry.yarnpkg.com/get-own-enumerable-property-symbols/-/get-own-enumerable-property-symbols-3.0.0.tgz#b877b49a5c16aefac3655f2ed2ea5b684df8d203"
  integrity sha512-CIJYJC4GGF06TakLg8z4GQKvDsx9EMspVxOYih7LerEL/WosUnFIww45CGfxfeKHqlg3twgUrYRT1O3WQqjGCg==

gonzales-pe@^4.2.3:
  version "4.2.3"
  resolved "https://registry.yarnpkg.com/gonzales-pe/-/gonzales-pe-4.2.3.tgz#41091703625433285e0aee3aa47829fc1fbeb6f2"
  integrity sha512-Kjhohco0esHQnOiqqdJeNz/5fyPkOMD/d6XVjwTAoPGUFh0mCollPUTUTa2OZy4dYNAqlPIQdTiNzJTWdd9Htw==
  dependencies:
    minimist "1.1.x"

graceful-fs@^4.1.2, graceful-fs@^4.1.6:
  version "4.1.11"
  resolved "https://registry.yarnpkg.com/graceful-fs/-/graceful-fs-4.1.11.tgz#0e8bdfe4d1ddb8854d64e04ea7c00e2a026e5658"
  integrity sha1-Dovf5NHduIVNZOBOp8AOKgJuVlg=

graphviz@^0.0.8:
  version "0.0.8"
  resolved "https://registry.yarnpkg.com/graphviz/-/graphviz-0.0.8.tgz#e599e40733ef80e1653bfe89a5f031ecf2aa4aaa"
  integrity sha1-5ZnkBzPvgOFlO/6JpfAx7PKqSqo=
  dependencies:
    temp "~0.4.0"

has-flag@^3.0.0:
  version "3.0.0"
  resolved "https://registry.yarnpkg.com/has-flag/-/has-flag-3.0.0.tgz#b5d454dc2199ae225699f3467e5a07f3b955bafd"
  integrity sha1-tdRU3CGZriJWmfNGfloH87lVuv0=

indexes-of@^1.0.1:
  version "1.0.1"
  resolved "https://registry.yarnpkg.com/indexes-of/-/indexes-of-1.0.1.tgz#f30f716c8e2bd346c7b67d3df3915566a7c05607"
  integrity sha1-8w9xbI4r00bHtn0985FVZqfAVgc=

inherits@~2.0.3:
  version "2.0.3"
  resolved "https://registry.yarnpkg.com/inherits/-/inherits-2.0.3.tgz#633c2c83e3da42a502f52466022480f4208261de"
  integrity sha1-Yzwsg+PaQqUC9SRmAiSA9CCCYd4=

ini@~1.3.0:
  version "1.3.5"
  resolved "https://registry.yarnpkg.com/ini/-/ini-1.3.5.tgz#eee25f56db1c9ec6085e0c22778083f596abf927"
  integrity sha512-RZY5huIKCMRWDUqZlEi72f/lmXKMvuszcMBduliQ3nnWbx9X/ZBQO7DijMEYS9EhHBb2qacRUMtC7svLwe0lcw==

is-obj@^1.0.1:
  version "1.0.1"
  resolved "https://registry.yarnpkg.com/is-obj/-/is-obj-1.0.1.tgz#3e4729ac1f5fde025cd7d83a896dab9f4f67db0f"
  integrity sha1-PkcprB9f3gJc19g6iW2rn09n2w8=

is-regexp@^1.0.0:
  version "1.0.0"
  resolved "https://registry.yarnpkg.com/is-regexp/-/is-regexp-1.0.0.tgz#fd2d883545c46bac5a633e7b9a09e87fa2cb5069"
  integrity sha1-/S2INUXEa6xaYz57mgnof6LLUGk=

is-relative-path@^1.0.2:
  version "1.0.2"
  resolved "https://registry.yarnpkg.com/is-relative-path/-/is-relative-path-1.0.2.tgz#091b46a0d67c1ed0fe85f1f8cfdde006bb251d46"
  integrity sha1-CRtGoNZ8HtD+hfH4z93gBrslHUY=

is-url@^1.2.4:
  version "1.2.4"
  resolved "https://registry.yarnpkg.com/is-url/-/is-url-1.2.4.tgz#04a4df46d28c4cff3d73d01ff06abeb318a1aa52"
  integrity sha512-ITvGim8FhRiYe4IQ5uHSkj7pVaPDrCTkNd3yq3cV7iZAcJdHTUMPMEHcqSOy9xZ9qFenQCvi+2wjH9a1nXqHww==

isarray@~1.0.0:
  version "1.0.0"
  resolved "https://registry.yarnpkg.com/isarray/-/isarray-1.0.0.tgz#bb935d48582cba168c06834957a54a3e07124f11"
  integrity sha1-u5NdSFgsuhaMBoNJV6VKPgcSTxE=

jsonfile@^4.0.0:
  version "4.0.0"
  resolved "https://registry.yarnpkg.com/jsonfile/-/jsonfile-4.0.0.tgz#8771aae0799b64076b76640fca058f9c10e33ecb"
  integrity sha1-h3Gq4HmbZAdrdmQPygWPnBDjPss=
  optionalDependencies:
    graceful-fs "^4.1.6"

levn@~0.3.0:
  version "0.3.0"
  resolved "https://registry.yarnpkg.com/levn/-/levn-0.3.0.tgz#3b09924edf9f083c0490fdd4c0bc4421e04764ee"
  integrity sha1-OwmSTt+fCDwEkP3UwLxEIeBHZO4=
  dependencies:
    prelude-ls "~1.1.2"
    type-check "~0.3.2"

lodash.unescape@4.0.1:
  version "4.0.1"
  resolved "https://registry.yarnpkg.com/lodash.unescape/-/lodash.unescape-4.0.1.tgz#bf2249886ce514cda112fae9218cdc065211fc9c"
  integrity sha1-vyJJiGzlFM2hEvrpIYzcBlIR/Jw=

log-symbols@^2.2.0:
  version "2.2.0"
  resolved "https://registry.yarnpkg.com/log-symbols/-/log-symbols-2.2.0.tgz#5740e1c5d6f0dfda4ad9323b5332107ef6b4c40a"
  integrity sha512-VeIAFslyIerEJLXHziedo2basKbMKtTw3vfn5IzG0XTjhAVEJyNHnL2p7vc+wBDSdQuUpNw3M2u6xb9QsAY5Eg==
  dependencies:
    chalk "^2.0.1"

madge@^3.2.0:
  version "3.2.0"
  resolved "https://registry.yarnpkg.com/madge/-/madge-3.2.0.tgz#9fdc57fe88eed58a628bebeb91c8b46c4c93af6b"
  integrity sha512-+hD7bd39QGsY4slEiU+ohjy+xqaELIeoN1cBZhv5oRLQyKR6sOJTaFXYfb7ttLjypCHza0KQY3QopljjveQW2A==
  dependencies:
    chalk "^2.4.1"
    commander "^2.15.1"
    commondir "^1.0.1"
    debug "^3.1.0"
    dependency-tree "^6.1.0"
    graphviz "^0.0.8"
    ora "^2.1.0"
    pify "^3.0.0"
    pluralize "^7.0.0"
    pretty-ms "^3.1.0"
    rc "^1.2.7"
    walkdir "^0.0.12"

memory-fs@^0.4.0:
  version "0.4.1"
  resolved "https://registry.yarnpkg.com/memory-fs/-/memory-fs-0.4.1.tgz#3a9a20b8462523e447cfbc7e8bb80ed667bfc552"
  integrity sha1-OpoguEYlI+RHz7x+i7gO1me/xVI=
  dependencies:
    errno "^0.1.3"
    readable-stream "^2.0.1"

mimic-fn@^1.0.0:
  version "1.2.0"
  resolved "https://registry.yarnpkg.com/mimic-fn/-/mimic-fn-1.2.0.tgz#820c86a39334640e99516928bd03fca88057d022"
  integrity sha512-jf84uxzwiuiIVKiOLpfYk7N46TSy8ubTonmneY9vrpHNAnp0QBt2BxWV9dO3/j+BoVAb+a5G6YDPW3M5HOdMWQ==

minimist@1.1.x:
  version "1.1.3"
  resolved "https://registry.yarnpkg.com/minimist/-/minimist-1.1.3.tgz#3bedfd91a92d39016fcfaa1c681e8faa1a1efda8"
  integrity sha1-O+39kaktOQFvz6ocaB6Pqhoe/ag=

minimist@^1.2.0:
  version "1.2.0"
  resolved "https://registry.yarnpkg.com/minimist/-/minimist-1.2.0.tgz#a35008b20f41383eec1fb914f4cd5df79a264284"
  integrity sha1-o1AIsg9BOD7sH7kU9M1d95omQoQ=

module-definition@^3.0.0, module-definition@^3.1.0:
  version "3.1.0"
  resolved "https://registry.yarnpkg.com/module-definition/-/module-definition-3.1.0.tgz#201c062b89f81ed18018e1a2f15afc0c8089a126"
  integrity sha512-XtgUeQUi/4UshwxWlCxCjt4SoJC+LJbjHvhGopOskzZOH3GSy2X6KC96APK3rgA9p9hekHcVP87qdwQpSvhNlQ==
  dependencies:
    ast-module-types "^2.4.0"
    node-source-walk "^4.0.0"

module-lookup-amd@^5.0.1:
  version "5.0.1"
  resolved "https://registry.yarnpkg.com/module-lookup-amd/-/module-lookup-amd-5.0.1.tgz#7ed9c6a81a0c3317df0649e9f89877c9531594e0"
  integrity sha512-rmljyiMrPqEfeOD1myMULVgnv1pRUqq1Dv/Xn0f9g36wCDWvqj07arG0fCEbKqU1sYFXptnaC1o+0oR7JpwOtg==
  dependencies:
    commander "^2.8.1"
    debug "^3.1.0"
    file-exists "^2.0.0"
    find "^0.2.8"
    requirejs "^2.3.5"
    requirejs-config-file "^3.0.0"

ms@^2.1.1:
  version "2.1.1"
  resolved "https://registry.yarnpkg.com/ms/-/ms-2.1.1.tgz#30a5864eb3ebb0a66f2ebe6d727af06a09d86e0a"
  integrity sha512-tgp+dl5cGk28utYktBsrFqA7HKgrhgPsg6Z/EfhWI4gl1Hwq8B/GmY/0oXZ6nF8hDVesS/FpnYaD/kOWhYQvyg==

node-source-walk@^4.0.0:
  version "4.1.0"
  resolved "https://registry.yarnpkg.com/node-source-walk/-/node-source-walk-4.1.0.tgz#f30bc418a80b6daf45365d0f8ab8b46d4a90c16d"
  integrity sha512-aR9GdKa9LT7sk00Z3V0c569Vx71n4KSS13be7EapoZGRFNXby/JNA0/3J+U50GaDOKKISw2HX3A3prunX4EEZw==
  dependencies:
    "@babel/parser" "^7.0.0"

onetime@^2.0.0:
  version "2.0.1"
  resolved "https://registry.yarnpkg.com/onetime/-/onetime-2.0.1.tgz#067428230fd67443b2794b22bba528b6867962d4"
  integrity sha1-BnQoIw/WdEOyeUsiu6UotoZ5YtQ=
  dependencies:
    mimic-fn "^1.0.0"

optionator@^0.8.1:
  version "0.8.2"
  resolved "https://registry.yarnpkg.com/optionator/-/optionator-0.8.2.tgz#364c5e409d3f4d6301d6c0b4c05bba50180aeb64"
  integrity sha1-NkxeQJ0/TWMB1sC0wFu6UBgK62Q=
  dependencies:
    deep-is "~0.1.3"
    fast-levenshtein "~2.0.4"
    levn "~0.3.0"
    prelude-ls "~1.1.2"
    type-check "~0.3.2"
    wordwrap "~1.0.0"

ora@^2.1.0:
  version "2.1.0"
  resolved "https://registry.yarnpkg.com/ora/-/ora-2.1.0.tgz#6caf2830eb924941861ec53a173799e008b51e5b"
  integrity sha512-hNNlAd3gfv/iPmsNxYoAPLvxg7HuPozww7fFonMZvL84tP6Ox5igfk5j/+a9rtJJwqMgKK+JgWsAQik5o0HTLA==
  dependencies:
    chalk "^2.3.1"
    cli-cursor "^2.1.0"
    cli-spinners "^1.1.0"
    log-symbols "^2.2.0"
    strip-ansi "^4.0.0"
    wcwidth "^1.0.1"

parse-ms@^1.0.0:
  version "1.0.1"
  resolved "https://registry.yarnpkg.com/parse-ms/-/parse-ms-1.0.1.tgz#56346d4749d78f23430ca0c713850aef91aa361d"
  integrity sha1-VjRtR0nXjyNDDKDHE4UK75GqNh0=

path-parse@^1.0.5:
  version "1.0.6"
  resolved "https://registry.yarnpkg.com/path-parse/-/path-parse-1.0.6.tgz#d62dbb5679405d72c4737ec58600e9ddcf06d24c"
  integrity sha512-GSmOT2EbHrINBf9SR7CDELwlJ8AENk3Qn7OikK4nFYAu3Ote2+JYNVvkpAEQm3/TLNEJFD/xZJjzyxg3KBWOzw==

pify@^3.0.0:
  version "3.0.0"
  resolved "https://registry.yarnpkg.com/pify/-/pify-3.0.0.tgz#e5a4acd2c101fdf3d9a4d07f0dbc4db49dd28176"
  integrity sha1-5aSs0sEB/fPZpNB/DbxNtJ3SgXY=

pluralize@^7.0.0:
  version "7.0.0"
  resolved "https://registry.yarnpkg.com/pluralize/-/pluralize-7.0.0.tgz#298b89df8b93b0221dbf421ad2b1b1ea23fc6777"
  integrity sha512-ARhBOdzS3e41FbkW/XWrTEtukqqLoK5+Z/4UeDaLuSW+39JPeFgs4gCGqsrJHVZX0fUrx//4OF0K1CUGwlIFow==

postcss-values-parser@^1.5.0:
  version "1.5.0"
  resolved "https://registry.yarnpkg.com/postcss-values-parser/-/postcss-values-parser-1.5.0.tgz#5d9fa63e2bcb0179ce48f3235303765eb89f3047"
  integrity sha512-3M3p+2gMp0AH3da530TlX8kiO1nxdTnc3C6vr8dMxRLIlh8UYkz0/wcwptSXjhtx2Fr0TySI7a+BHDQ8NL7LaQ==
  dependencies:
    flatten "^1.0.2"
    indexes-of "^1.0.1"
    uniq "^1.0.1"

postcss@^7.0.2:
  version "7.0.5"
  resolved "https://registry.yarnpkg.com/postcss/-/postcss-7.0.5.tgz#70e6443e36a6d520b0fd4e7593fcca3635ee9f55"
  integrity sha512-HBNpviAUFCKvEh7NZhw1e8MBPivRszIiUnhrJ+sBFVSYSqubrzwX3KG51mYgcRHX8j/cAgZJedONZcm5jTBdgQ==
  dependencies:
    chalk "^2.4.1"
    source-map "^0.6.1"
    supports-color "^5.5.0"

precinct@^5.0.0:
  version "5.1.0"
  resolved "https://registry.yarnpkg.com/precinct/-/precinct-5.1.0.tgz#fdcea2c66852d42e4e1c749b1f9c6a462fdd4952"
  integrity sha512-nQFQZNtvywHdU2nxf9sYgAbZz2TFo6UHQY0rbwLmQApBQHJ3kthajrvFmSMKqEi46oDCMcuQIiS8nOJiNAoDUw==
  dependencies:
    commander "^2.17.0"
    debug "^3.1.0"
    detective-amd "^3.0.0"
    detective-cjs "^3.1.0"
    detective-es6 "^2.0.0"
    detective-less "^1.0.1"
    detective-postcss "^3.0.0"
    detective-sass "^3.0.0"
    detective-scss "^2.0.0"
    detective-stylus "^1.0.0"
    detective-typescript "^4.0.0"
    module-definition "^3.1.0"
    node-source-walk "^4.0.0"

prelude-ls@~1.1.2:
  version "1.1.2"
  resolved "https://registry.yarnpkg.com/prelude-ls/-/prelude-ls-1.1.2.tgz#21932a549f5e52ffd9a827f570e04be62a97da54"
  integrity sha1-IZMqVJ9eUv/ZqCf1cOBL5iqX2lQ=

pretty-ms@^3.1.0:
  version "3.2.0"
  resolved "https://registry.yarnpkg.com/pretty-ms/-/pretty-ms-3.2.0.tgz#87a8feaf27fc18414d75441467d411d6e6098a25"
  integrity sha512-ZypexbfVUGTFxb0v+m1bUyy92DHe5SyYlnyY0msyms5zd3RwyvNgyxZZsXXgoyzlxjx5MiqtXUdhUfvQbe0A2Q==
  dependencies:
    parse-ms "^1.0.0"

process-nextick-args@~2.0.0:
  version "2.0.0"
  resolved "https://registry.yarnpkg.com/process-nextick-args/-/process-nextick-args-2.0.0.tgz#a37d732f4271b4ab1ad070d35508e8290788ffaa"
  integrity sha512-MtEC1TqN0EU5nephaJ4rAtThHtC86dNN9qCuEhtshvpVBkAW5ZO7BASN9REnF9eoXGcRub+pFuKEpOHE+HbEMw==

prr@~1.0.1:
  version "1.0.1"
  resolved "https://registry.yarnpkg.com/prr/-/prr-1.0.1.tgz#d3fc114ba06995a45ec6893f484ceb1d78f5f476"
  integrity sha1-0/wRS6BplaRexok/SEzrHXj19HY=

rc@^1.2.7:
  version "1.2.8"
  resolved "https://registry.yarnpkg.com/rc/-/rc-1.2.8.tgz#cd924bf5200a075b83c188cd6b9e211b7fc0d3ed"
  integrity sha512-y3bGgqKj3QBdxLbLkomlohkvsA8gdAiUQlSBJnBhfn+BPxg4bc62d8TcBW15wavDfgexCgccckhcZvywyQYPOw==
  dependencies:
    deep-extend "^0.6.0"
    ini "~1.3.0"
    minimist "^1.2.0"
    strip-json-comments "~2.0.1"

readable-stream@^2.0.1:
  version "2.3.6"
  resolved "https://registry.yarnpkg.com/readable-stream/-/readable-stream-2.3.6.tgz#b11c27d88b8ff1fbe070643cf94b0c79ae1b0aaf"
  integrity sha512-tQtKA9WIAhBF3+VLAseyMqZeBjW0AHJoxOtYqSUZNJxauErmLbVm2FW1y+J/YA9dUrAC39ITejlZWhVIwawkKw==
  dependencies:
    core-util-is "~1.0.0"
    inherits "~2.0.3"
    isarray "~1.0.0"
    process-nextick-args "~2.0.0"
    safe-buffer "~5.1.1"
    string_decoder "~1.1.1"
    util-deprecate "~1.0.1"

requirejs-config-file@^3.0.0:
  version "3.0.0"
  resolved "https://registry.yarnpkg.com/requirejs-config-file/-/requirejs-config-file-3.0.0.tgz#0eff582d6bda711099437941803ad47a5a451783"
  integrity sha512-pssKfw0KhafnpOHA1+qWlDXcCEgf0p+qfTI8xOhqOhhdtz7m7VqhEorauKZOqv1GGA8ML3eKFU3sxGq5p4ZaEw==
  dependencies:
    esprima "^4.0.0"
    fs-extra "^5.0.0"
    stringify-object "^3.2.1"

requirejs@^2.3.5:
  version "2.3.6"
  resolved "https://registry.yarnpkg.com/requirejs/-/requirejs-2.3.6.tgz#e5093d9601c2829251258c0b9445d4d19fa9e7c9"
  integrity sha512-ipEzlWQe6RK3jkzikgCupiTbTvm4S0/CAU5GlgptkN5SO6F3u0UD0K18wy6ErDqiCyP4J4YYe1HuAShvsxePLg==

resolve-dependency-path@^1.0.2:
  version "1.0.2"
  resolved "https://registry.yarnpkg.com/resolve-dependency-path/-/resolve-dependency-path-1.0.2.tgz#6abe93a6de3e4f9dce7b5e8261e1f47aa1af4dc2"
  integrity sha1-ar6Tpt4+T53Oe16CYeH0eqGvTcI=

resolve@^1.5.0:
  version "1.8.1"
  resolved "https://registry.yarnpkg.com/resolve/-/resolve-1.8.1.tgz#82f1ec19a423ac1fbd080b0bab06ba36e84a7a26"
  integrity sha512-AicPrAC7Qu1JxPCZ9ZgCZlY35QgFnNqc+0LtbRNxnVw4TXvjQ72wnuL9JQcEBgXkI9JM8MsT9kaQoHcpCRJOYA==
  dependencies:
    path-parse "^1.0.5"

restore-cursor@^2.0.0:
  version "2.0.0"
  resolved "https://registry.yarnpkg.com/restore-cursor/-/restore-cursor-2.0.0.tgz#9f7ee287f82fd326d4fd162923d62129eee0dfaf"
  integrity sha1-n37ih/gv0ybU/RYpI9YhKe7g368=
  dependencies:
    onetime "^2.0.0"
    signal-exit "^3.0.2"

safe-buffer@~5.1.0, safe-buffer@~5.1.1:
  version "5.1.2"
  resolved "https://registry.yarnpkg.com/safe-buffer/-/safe-buffer-5.1.2.tgz#991ec69d296e0313747d59bdfd2b745c35f8828d"
  integrity sha512-Gd2UZBJDkXlY7GbJxfsE8/nvKkUEU1G38c1siN6QP6a9PT9MmHB8GnpscSmMJSoF8LOIrt8ud/wPtojys4G6+g==

sass-lookup@^2.0.0:
  version "2.0.0"
  resolved "https://registry.yarnpkg.com/sass-lookup/-/sass-lookup-2.0.0.tgz#f2e11af381f0bd33ba0b0fde6b4924a474e58a76"
  integrity sha512-DZEg7g605XNZX3rxQMkndPmlSzaGR3ld33Rvx3XPTxP8hXBPErmCTrL2CPItzjCJqvjgt9kXhxQrzkbdJZToaA==
  dependencies:
    commander "^2.16.0"

semver@5.5.0:
  version "5.5.0"
  resolved "https://registry.yarnpkg.com/semver/-/semver-5.5.0.tgz#dc4bbc7a6ca9d916dee5d43516f0092b58f7b8ab"
  integrity sha512-4SJ3dm0WAwWy/NVeioZh5AntkdJoWKxHxcmyP622fOkgHa4z3R0TdBJICINyaSDE6uNwVc8gZr+ZinwZAH4xIA==

signal-exit@^3.0.2:
  version "3.0.2"
  resolved "https://registry.yarnpkg.com/signal-exit/-/signal-exit-3.0.2.tgz#b5fdc08f1287ea1178628e415e25132b73646c6d"
  integrity sha1-tf3AjxKH6hF4Yo5BXiUTK3NkbG0=

source-map@^0.6.1, source-map@~0.6.1:
  version "0.6.1"
  resolved "https://registry.yarnpkg.com/source-map/-/source-map-0.6.1.tgz#74722af32e9614e9c287a8d0bbde48b5e2f1a263"
  integrity sha512-UjgapumWlbMhkBgzT7Ykc5YXUT46F0iKu8SGXq0bcwP5dz/h0Plj6enJqjz1Zbq2l5WaqYnrVbwWOWMyF3F47g==

string_decoder@~1.1.1:
  version "1.1.1"
  resolved "https://registry.yarnpkg.com/string_decoder/-/string_decoder-1.1.1.tgz#9cf1611ba62685d7030ae9e4ba34149c3af03fc8"
  integrity sha512-n/ShnvDi6FHbbVfviro+WojiFzv+s8MPMHBczVePfUpDJLwoLT0ht1l4YwBCbi8pJAveEEdnkHyPyTP/mzRfwg==
  dependencies:
    safe-buffer "~5.1.0"

stringify-object@^3.2.1:
  version "3.3.0"
  resolved "https://registry.yarnpkg.com/stringify-object/-/stringify-object-3.3.0.tgz#703065aefca19300d3ce88af4f5b3956d7556629"
  integrity sha512-rHqiFh1elqCQ9WPLIC8I0Q/g/wj5J1eMkyoiD6eoQApWHP0FtlK7rqnhmabL5VUY9JQCcqwwvlOaSuutekgyrw==
  dependencies:
    get-own-enumerable-property-symbols "^3.0.0"
    is-obj "^1.0.1"
    is-regexp "^1.0.0"

strip-ansi@^4.0.0:
  version "4.0.0"
  resolved "https://registry.yarnpkg.com/strip-ansi/-/strip-ansi-4.0.0.tgz#a8479022eb1ac368a871389b635262c505ee368f"
  integrity sha1-qEeQIusaw2iocTibY1JixQXuNo8=
  dependencies:
    ansi-regex "^3.0.0"

strip-json-comments@~2.0.1:
  version "2.0.1"
  resolved "https://registry.yarnpkg.com/strip-json-comments/-/strip-json-comments-2.0.1.tgz#3c531942e908c2697c0ec344858c286c7ca0a60a"
  integrity sha1-PFMZQukIwml8DsNEhYwobHygpgo=

stylus-lookup@^2.0.0:
  version "2.0.0"
  resolved "https://registry.yarnpkg.com/stylus-lookup/-/stylus-lookup-2.0.0.tgz#8ca27b5be9b93f74f333730afd252d6eab3a1a8c"
  integrity sha512-ZPwVUITlzCIgq1NBNl1xVX1grfFnJUBq9zzG9YOj/V3GrOCnpWuxGh6zUL8JTaVs0nMS9Eyok1qgOW9mUFx9kg==
  dependencies:
    commander "^2.8.1"
    debug "^3.1.0"

supports-color@^5.3.0, supports-color@^5.5.0:
  version "5.5.0"
  resolved "https://registry.yarnpkg.com/supports-color/-/supports-color-5.5.0.tgz#e2e69a44ac8772f78a1ec0b35b689df6530efc8f"
  integrity sha512-QjVjwdXIt408MIiAqCX4oUKsgU2EqAGzs2Ppkm4aQYbjm+ZEWEcW4SfFNTr4uMNZma0ey4f5lgLrkB0aX0QMow==
  dependencies:
    has-flag "^3.0.0"

tapable@^1.0.0:
  version "1.1.0"
  resolved "https://registry.yarnpkg.com/tapable/-/tapable-1.1.0.tgz#0d076a172e3d9ba088fd2272b2668fb8d194b78c"
  integrity sha512-IlqtmLVaZA2qab8epUXbVWRn3aB1imbDMJtjB3nu4X0NqPkcY/JH9ZtCBWKHWPxs8Svi9tyo8w2dBoi07qZbBA==

temp@~0.4.0:
  version "0.4.0"
  resolved "https://registry.yarnpkg.com/temp/-/temp-0.4.0.tgz#671ad63d57be0fe9d7294664b3fc400636678a60"
  integrity sha1-ZxrWPVe+D+nXKUZks/xABjZnimA=

traverse-chain@~0.1.0:
  version "0.1.0"
  resolved "https://registry.yarnpkg.com/traverse-chain/-/traverse-chain-0.1.0.tgz#61dbc2d53b69ff6091a12a168fd7d433107e40f1"
  integrity sha1-YdvC1Ttp/2CRoSoWj9fUMxB+QPE=

type-check@~0.3.2:
  version "0.3.2"
  resolved "https://registry.yarnpkg.com/type-check/-/type-check-0.3.2.tgz#5884cab512cf1d355e3fb784f30804b2b520db72"
  integrity sha1-WITKtRLPHTVeP7eE8wgEsrUg23I=
  dependencies:
    prelude-ls "~1.1.2"

typescript-eslint-parser@^18.0.0:
  version "18.0.0"
  resolved "https://registry.yarnpkg.com/typescript-eslint-parser/-/typescript-eslint-parser-18.0.0.tgz#3e5055a44980d69e4154350fc5d8b1ab4e2332a8"
  integrity sha512-Pn/A/Cw9ysiXSX5U1xjBmPQlxtWGV2o7jDNiH/u7KgBO2yC/y37wNFl2ogSrGZBQFuglLzGq0Xl0Bt31Jv44oA==
  dependencies:
    lodash.unescape "4.0.1"
    semver "5.5.0"

typescript@^3.0.3, typescript@^3.1.3:
  version "3.1.3"
  resolved "https://registry.yarnpkg.com/typescript/-/typescript-3.1.3.tgz#01b70247a6d3c2467f70c45795ef5ea18ce191d5"
  integrity sha512-+81MUSyX+BaSo+u2RbozuQk/UWx6hfG0a5gHu4ANEM4sU96XbuIyAB+rWBW1u70c6a5QuZfuYICn3s2UjuHUpA==

uniq@^1.0.1:
  version "1.0.1"
  resolved "https://registry.yarnpkg.com/uniq/-/uniq-1.0.1.tgz#b31c5ae8254844a3a8281541ce2b04b865a734ff"
  integrity sha1-sxxa6CVIRKOoKBVBzisEuGWnNP8=

universalify@^0.1.0:
  version "0.1.2"
  resolved "https://registry.yarnpkg.com/universalify/-/universalify-0.1.2.tgz#b646f69be3942dabcecc9d6639c80dc105efaa66"
  integrity sha512-rBJeI5CXAlmy1pV+617WB9J63U6XcazHHF2f2dbJix4XzpUF0RS3Zbj0FGIOCAva5P/d/GBOYaACQ1w+0azUkg==

util-deprecate@~1.0.1:
  version "1.0.2"
  resolved "https://registry.yarnpkg.com/util-deprecate/-/util-deprecate-1.0.2.tgz#450d4dc9fa70de732762fbd2d4a28981419a0ccf"
  integrity sha1-RQ1Nyfpw3nMnYvvS1KKJgUGaDM8=

walkdir@^0.0.12:
  version "0.0.12"
  resolved "https://registry.yarnpkg.com/walkdir/-/walkdir-0.0.12.tgz#2f24f1ade64aab1e458591d4442c8868356e9281"
  integrity sha512-HFhaD4mMWPzFSqhpyDG48KDdrjfn409YQuVW7ckZYhW4sE87mYtWifdB/+73RA7+p4s4K18n5Jfx1kHthE1gBw==

wcwidth@^1.0.1:
  version "1.0.1"
  resolved "https://registry.yarnpkg.com/wcwidth/-/wcwidth-1.0.1.tgz#f0b0dcf915bc5ff1528afadb2c0e17b532da2fe8"
  integrity sha1-8LDc+RW8X/FSivrbLA4XtTLaL+g=
  dependencies:
    defaults "^1.0.3"

wordwrap@~1.0.0:
  version "1.0.0"
  resolved "https://registry.yarnpkg.com/wordwrap/-/wordwrap-1.0.0.tgz#27584810891456a4171c8d0226441ade90cbcaeb"
  integrity sha1-J1hIEIkUVqQXHI0CJkQa3pDLyus=
